
Microsoft Visual Studio Solution File, Format Version 12.00
# Visual Studio Version 17
VisualStudioVersion = 17.0.32014.148
MinimumVisualStudioVersion = 10.0.40219.1
Project("{FAE04EC0-301F-11D3-BF4B-00C04F79EFBC}") = "Darkiyus-Cryption", "Darkiyus-Cryption\Darkiyus-Cryption.csproj", "{CC5F6614-9FC7-41A0-BAB8-4674DB9D6EBB}"
EndProject
Global
	GlobalSection(SolutionConfigurationPlatforms) = preSolution
		Debug|Any CPU = Debug|Any CPU
		Release|Any CPU = Release|Any CPU
	EndGlobalSection
	GlobalSection(ProjectConfigurationPlatforms) = postSolution
		{CC5F6614-9FC7-41A0-BAB8-4674DB9D6EBB}.Debug|Any CPU.ActiveCfg = Debug|Any CPU
		{CC5F6614-9FC7-41A0-BAB8-4674DB9D6EBB}.Debug|Any CPU.Build.0 = Debug|Any CPU
		{CC5F6614-9FC7-41A0-BAB8-4674DB9D6EBB}.Release|Any CPU.ActiveCfg = Release|Any CPU
		{CC5F6614-9FC7-41A0-BAB8-4674DB9D6EBB}.Release|Any CPU.Build.0 = Release|Any CPU
	EndGlobalSection
	GlobalSection(SolutionProperties) = preSolution
		HideSolutionNode = FALSE
	EndGlobalSection
	GlobalSection(ExtensibilityGlobals) = postSolution
		SolutionGuid = {74D4EAD9-18B6-405D-B9D2-F29C6CDEB39A}
	EndGlobalSection
EndGlobal
